
Microsoft Visual Studio Solution File, Format Version 12.00
# Visual Studio Version 16
VisualStudioVersion = 16.0.32602.291
MinimumVisualStudioVersion = 10.0.40219.1
Project("{FAE04EC0-301F-11D3-BF4B-00C04F79EFBC}") = "DarkNotePad", "DarkNotePad\DarkNotePad.csproj", "{09F6C721-7EF1-4E51-9897-DF2608FFED23}"
EndProject
Project("{54435603-DBB4-11D2-8724-00A0C9A8B90C}") = "Custom-NotePad", "Custom-NotePad\Custom-NotePad.vdproj", "{ABED33C6-EED3-478A-B024-802830122D84}"
EndProject
Global
	GlobalSection(SolutionConfigurationPlatforms) = preSolution
		Debug|Any CPU = Debug|Any CPU
		Release|Any CPU = Release|Any CPU
	EndGlobalSection
	GlobalSection(ProjectConfigurationPlatforms) = postSolution
		{09F6C721-7EF1-4E51-9897-DF2608FFED23}.Debug|Any CPU.ActiveCfg = Debug|Any CPU
		{09F6C721-7EF1-4E51-9897-DF2608FFED23}.Debug|Any CPU.Build.0 = Debug|Any CPU
		{09F6C721-7EF1-4E51-9897-DF2608FFED23}.Release|Any CPU.ActiveCfg = Release|Any CPU
		{09F6C721-7EF1-4E51-9897-DF2608FFED23}.Release|Any CPU.Build.0 = Release|Any CPU
		{ABED33C6-EED3-478A-B024-802830122D84}.Debug|Any CPU.ActiveCfg = Debug
		{ABED33C6-EED3-478A-B024-802830122D84}.Release|Any CPU.ActiveCfg = Release
	EndGlobalSection
	GlobalSection(SolutionProperties) = preSolution
		HideSolutionNode = FALSE
	EndGlobalSection
	GlobalSection(ExtensibilityGlobals) = postSolution
		SolutionGuid = {DA7BD3DC-ACDC-435A-850E-33E5F4C7AAB0}
	EndGlobalSection
EndGlobal
