
Microsoft Visual Studio Solution File, Format Version 12.00
# Visual Studio Version 16
VisualStudioVersion = 16.0.32602.291
MinimumVisualStudioVersion = 10.0.40219.1
Project("{FAE04EC0-301F-11D3-BF4B-00C04F79EFBC}") = "DarkNotePad", "DarkNotePad\DarkNotePad.csproj", "{09F6C721-7EF1-4E51-9897-DF2608FFED23}"
EndProject
Project("{54435603-DBB4-11D2-8724-00A0C9A8B90C}") = "Custom-NotePad", "Custom-NotePad\Custom-NotePad.vdproj", "{ABED33C6-EED3-478A-B024-802830122D84}"
EndProject
Project("{C7167F0D-BC9F-4E6E-AFE1-012C56B48DB5}") = "DarknotepadPackages", "DarknotepadPackages\DarknotepadPackages.wapproj", "{712725C9-6387-417F-9137-58CC5CBFD19B}"
EndProject
Global
	GlobalSection(SolutionConfigurationPlatforms) = preSolution
		Debug|Any CPU = Debug|Any CPU
		Debug|ARM = Debug|ARM
		Debug|ARM64 = Debug|ARM64
		Debug|x64 = Debug|x64
		Debug|x86 = Debug|x86
		Release|Any CPU = Release|Any CPU
		Release|ARM = Release|ARM
		Release|ARM64 = Release|ARM64
		Release|x64 = Release|x64
		Release|x86 = Release|x86
	EndGlobalSection
	GlobalSection(ProjectConfigurationPlatforms) = postSolution
		{09F6C721-7EF1-4E51-9897-DF2608FFED23}.Debug|Any CPU.ActiveCfg = Debug|Any CPU
		{09F6C721-7EF1-4E51-9897-DF2608FFED23}.Debug|Any CPU.Build.0 = Debug|Any CPU
		{09F6C721-7EF1-4E51-9897-DF2608FFED23}.Debug|ARM.ActiveCfg = Debug|Any CPU
		{09F6C721-7EF1-4E51-9897-DF2608FFED23}.Debug|ARM.Build.0 = Debug|Any CPU
		{09F6C721-7EF1-4E51-9897-DF2608FFED23}.Debug|ARM64.ActiveCfg = Debug|Any CPU
		{09F6C721-7EF1-4E51-9897-DF2608FFED23}.Debug|ARM64.Build.0 = Debug|Any CPU
		{09F6C721-7EF1-4E51-9897-DF2608FFED23}.Debug|x64.ActiveCfg = Debug|Any CPU
		{09F6C721-7EF1-4E51-9897-DF2608FFED23}.Debug|x64.Build.0 = Debug|Any CPU
		{09F6C721-7EF1-4E51-9897-DF2608FFED23}.Debug|x86.ActiveCfg = Debug|x86
		{09F6C721-7EF1-4E51-9897-DF2608FFED23}.Debug|x86.Build.0 = Debug|x86
		{09F6C721-7EF1-4E51-9897-DF2608FFED23}.Release|Any CPU.ActiveCfg = Release|Any CPU
		{09F6C721-7EF1-4E51-9897-DF2608FFED23}.Release|Any CPU.Build.0 = Release|Any CPU
		{09F6C721-7EF1-4E51-9897-DF2608FFED23}.Release|ARM.ActiveCfg = Release|Any CPU
		{09F6C721-7EF1-4E51-9897-DF2608FFED23}.Release|ARM.Build.0 = Release|Any CPU
		{09F6C721-7EF1-4E51-9897-DF2608FFED23}.Release|ARM64.ActiveCfg = Release|Any CPU
		{09F6C721-7EF1-4E51-9897-DF2608FFED23}.Release|ARM64.Build.0 = Release|Any CPU
		{09F6C721-7EF1-4E51-9897-DF2608FFED23}.Release|x64.ActiveCfg = Release|Any CPU
		{09F6C721-7EF1-4E51-9897-DF2608FFED23}.Release|x64.Build.0 = Release|Any CPU
		{09F6C721-7EF1-4E51-9897-DF2608FFED23}.Release|x86.ActiveCfg = Release|Any CPU
		{09F6C721-7EF1-4E51-9897-DF2608FFED23}.Release|x86.Build.0 = Release|Any CPU
		{ABED33C6-EED3-478A-B024-802830122D84}.Debug|Any CPU.ActiveCfg = Debug
		{ABED33C6-EED3-478A-B024-802830122D84}.Debug|ARM.ActiveCfg = Debug
		{ABED33C6-EED3-478A-B024-802830122D84}.Debug|ARM.Build.0 = Debug
		{ABED33C6-EED3-478A-B024-802830122D84}.Debug|ARM64.ActiveCfg = Debug
		{ABED33C6-EED3-478A-B024-802830122D84}.Debug|ARM64.Build.0 = Debug
		{ABED33C6-EED3-478A-B024-802830122D84}.Debug|x64.ActiveCfg = Debug
		{ABED33C6-EED3-478A-B024-802830122D84}.Debug|x64.Build.0 = Debug
		{ABED33C6-EED3-478A-B024-802830122D84}.Debug|x86.ActiveCfg = Debug
		{ABED33C6-EED3-478A-B024-802830122D84}.Debug|x86.Build.0 = Debug
		{ABED33C6-EED3-478A-B024-802830122D84}.Release|Any CPU.ActiveCfg = Release
		{ABED33C6-EED3-478A-B024-802830122D84}.Release|ARM.ActiveCfg = Release
		{ABED33C6-EED3-478A-B024-802830122D84}.Release|ARM.Build.0 = Release
		{ABED33C6-EED3-478A-B024-802830122D84}.Release|ARM64.ActiveCfg = Release
		{ABED33C6-EED3-478A-B024-802830122D84}.Release|ARM64.Build.0 = Release
		{ABED33C6-EED3-478A-B024-802830122D84}.Release|x64.ActiveCfg = Release
		{ABED33C6-EED3-478A-B024-802830122D84}.Release|x64.Build.0 = Release
		{ABED33C6-EED3-478A-B024-802830122D84}.Release|x86.ActiveCfg = Release
		{ABED33C6-EED3-478A-B024-802830122D84}.Release|x86.Build.0 = Release
		{712725C9-6387-417F-9137-58CC5CBFD19B}.Debug|Any CPU.ActiveCfg = Debug|Any CPU
		{712725C9-6387-417F-9137-58CC5CBFD19B}.Debug|Any CPU.Build.0 = Debug|Any CPU
		{712725C9-6387-417F-9137-58CC5CBFD19B}.Debug|Any CPU.Deploy.0 = Debug|Any CPU
		{712725C9-6387-417F-9137-58CC5CBFD19B}.Debug|ARM.ActiveCfg = Debug|ARM
		{712725C9-6387-417F-9137-58CC5CBFD19B}.Debug|ARM.Build.0 = Debug|ARM
		{712725C9-6387-417F-9137-58CC5CBFD19B}.Debug|ARM.Deploy.0 = Debug|ARM
		{712725C9-6387-417F-9137-58CC5CBFD19B}.Debug|ARM64.ActiveCfg = Debug|ARM64
		{712725C9-6387-417F-9137-58CC5CBFD19B}.Debug|ARM64.Build.0 = Debug|ARM64
		{712725C9-6387-417F-9137-58CC5CBFD19B}.Debug|ARM64.Deploy.0 = Debug|ARM64
		{712725C9-6387-417F-9137-58CC5CBFD19B}.Debug|x64.ActiveCfg = Debug|x64
		{712725C9-6387-417F-9137-58CC5CBFD19B}.Debug|x64.Build.0 = Debug|x64
		{712725C9-6387-417F-9137-58CC5CBFD19B}.Debug|x64.Deploy.0 = Debug|x64
		{712725C9-6387-417F-9137-58CC5CBFD19B}.Debug|x86.ActiveCfg = Debug|x86
		{712725C9-6387-417F-9137-58CC5CBFD19B}.Debug|x86.Build.0 = Debug|x86
		{712725C9-6387-417F-9137-58CC5CBFD19B}.Debug|x86.Deploy.0 = Debug|x86
		{712725C9-6387-417F-9137-58CC5CBFD19B}.Release|Any CPU.ActiveCfg = Release|Any CPU
		{712725C9-6387-417F-9137-58CC5CBFD19B}.Release|Any CPU.Build.0 = Release|Any CPU
		{712725C9-6387-417F-9137-58CC5CBFD19B}.Release|Any CPU.Deploy.0 = Release|Any CPU
		{712725C9-6387-417F-9137-58CC5CBFD19B}.Release|ARM.ActiveCfg = Release|ARM
		{712725C9-6387-417F-9137-58CC5CBFD19B}.Release|ARM.Build.0 = Release|ARM
		{712725C9-6387-417F-9137-58CC5CBFD19B}.Release|ARM.Deploy.0 = Release|ARM
		{712725C9-6387-417F-9137-58CC5CBFD19B}.Release|ARM64.ActiveCfg = Release|ARM64
		{712725C9-6387-417F-9137-58CC5CBFD19B}.Release|ARM64.Build.0 = Release|ARM64
		{712725C9-6387-417F-9137-58CC5CBFD19B}.Release|ARM64.Deploy.0 = Release|ARM64
		{712725C9-6387-417F-9137-58CC5CBFD19B}.Release|x64.ActiveCfg = Release|x64
		{712725C9-6387-417F-9137-58CC5CBFD19B}.Release|x64.Build.0 = Release|x64
		{712725C9-6387-417F-9137-58CC5CBFD19B}.Release|x64.Deploy.0 = Release|x64
		{712725C9-6387-417F-9137-58CC5CBFD19B}.Release|x86.ActiveCfg = Release|x86
		{712725C9-6387-417F-9137-58CC5CBFD19B}.Release|x86.Build.0 = Release|x86
		{712725C9-6387-417F-9137-58CC5CBFD19B}.Release|x86.Deploy.0 = Release|x86
	EndGlobalSection
	GlobalSection(SolutionProperties) = preSolution
		HideSolutionNode = FALSE
	EndGlobalSection
	GlobalSection(ExtensibilityGlobals) = postSolution
		SolutionGuid = {DA7BD3DC-ACDC-435A-850E-33E5F4C7AAB0}
	EndGlobalSection
EndGlobal
